
Microsoft Visual Studio Solution File, Format Version 12.00
# Visual Studio Version 16
VisualStudioVersion = 16.0.30804.86
MinimumVisualStudioVersion = 10.0.40219.1
Project("{FAE04EC0-301F-11D3-BF4B-00C04F79EFBC}") = "PhoneMaNew", "PhoneMaNew\PhoneMaNew.csproj", "{E894CAD6-1EFE-4C3D-AFAE-EFE96E3EA316}"
EndProject
Global
	GlobalSection(SolutionConfigurationPlatforms) = preSolution
		Debug|Any CPU = Debug|Any CPU
		Release|Any CPU = Release|Any CPU
	EndGlobalSection
	GlobalSection(ProjectConfigurationPlatforms) = postSolution
		{E894CAD6-1EFE-4C3D-AFAE-EFE96E3EA316}.Debug|Any CPU.ActiveCfg = Debug|Any CPU
		{E894CAD6-1EFE-4C3D-AFAE-EFE96E3EA316}.Debug|Any CPU.Build.0 = Debug|Any CPU
		{E894CAD6-1EFE-4C3D-AFAE-EFE96E3EA316}.Release|Any CPU.ActiveCfg = Release|Any CPU
		{E894CAD6-1EFE-4C3D-AFAE-EFE96E3EA316}.Release|Any CPU.Build.0 = Release|Any CPU
	EndGlobalSection
	GlobalSection(SolutionProperties) = preSolution
		HideSolutionNode = FALSE
	EndGlobalSection
	GlobalSection(ExtensibilityGlobals) = postSolution
		SolutionGuid = {7A830A90-5A1A-447C-9ED2-F1A91FE66503}
	EndGlobalSection
EndGlobal
